
Microsoft Visual Studio Solution File, Format Version 12.00
# Visual Studio Version 17
VisualStudioVersion = 17.11.35431.28
MinimumVisualStudioVersion = 10.0.40219.1
Project("{2150E333-8FDC-42A3-9474-1A3956D46DE8}") = "Examples", "Examples", "{02EA681E-C7D8-13C7-8484-4AC65E1B71E8}"
EndProject
Project("{FAE04EC0-301F-11D3-BF4B-00C04F79EFBC}") = "UseFileProtocol", "..\Examples\UseEventProtocol\UseFileProtocol.csproj", "{DEBFFD08-66D1-42E5-A2C8-563457B43614}"
EndProject
Project("{FAE04EC0-301F-11D3-BF4B-00C04F79EFBC}") = "VueHelloWorld", "..\Examples\VueHelloWorld\VueHelloWorld.csproj", "{1211908B-01A7-A571-C417-C52E0F5111D1}"
EndProject
Project("{FAE04EC0-301F-11D3-BF4B-00C04F79EFBC}") = "Example", "..\Examples\DeveloperExample\Example.csproj", "{71F26395-10AA-1AFA-3DE8-DC02C4938743}"
EndProject
Project("{FAE04EC0-301F-11D3-BF4B-00C04F79EFBC}") = "EmptyFlow.SciterAPI", "EmptyFlow.SciterAPI\EmptyFlow.SciterAPI.csproj", "{5BF38404-79F2-B6DA-D013-C651111732AF}"
EndProject
Project("{FAE04EC0-301F-11D3-BF4B-00C04F79EFBC}") = "EmptyFlow.SciterAPI.Tests", "EmptyFlow.SciterAPI.UnitTest\EmptyFlow.SciterAPI.Tests.csproj", "{60ED6E9F-AD0C-6239-1494-45646741EEFD}"
EndProject
Project("{FAE04EC0-301F-11D3-BF4B-00C04F79EFBC}") = "UseXCall", "..\Examples\UseXCall\UseXCall.csproj", "{B1777049-4D4C-4CC1-82D9-E4D221979ED8}"
EndProject
Global
	GlobalSection(SolutionConfigurationPlatforms) = preSolution
		Debug|Any CPU = Debug|Any CPU
		Debug|x64 = Debug|x64
		Release|Any CPU = Release|Any CPU
		Release|x64 = Release|x64
	EndGlobalSection
	GlobalSection(ProjectConfigurationPlatforms) = postSolution
		{DEBFFD08-66D1-42E5-A2C8-563457B43614}.Debug|Any CPU.ActiveCfg = Debug|Any CPU
		{DEBFFD08-66D1-42E5-A2C8-563457B43614}.Debug|Any CPU.Build.0 = Debug|Any CPU
		{DEBFFD08-66D1-42E5-A2C8-563457B43614}.Debug|x64.ActiveCfg = Debug|Any CPU
		{DEBFFD08-66D1-42E5-A2C8-563457B43614}.Debug|x64.Build.0 = Debug|Any CPU
		{DEBFFD08-66D1-42E5-A2C8-563457B43614}.Release|Any CPU.ActiveCfg = Release|Any CPU
		{DEBFFD08-66D1-42E5-A2C8-563457B43614}.Release|Any CPU.Build.0 = Release|Any CPU
		{DEBFFD08-66D1-42E5-A2C8-563457B43614}.Release|x64.ActiveCfg = Release|Any CPU
		{DEBFFD08-66D1-42E5-A2C8-563457B43614}.Release|x64.Build.0 = Release|Any CPU
		{1211908B-01A7-A571-C417-C52E0F5111D1}.Debug|Any CPU.ActiveCfg = Debug|Any CPU
		{1211908B-01A7-A571-C417-C52E0F5111D1}.Debug|Any CPU.Build.0 = Debug|Any CPU
		{1211908B-01A7-A571-C417-C52E0F5111D1}.Debug|x64.ActiveCfg = Debug|Any CPU
		{1211908B-01A7-A571-C417-C52E0F5111D1}.Debug|x64.Build.0 = Debug|Any CPU
		{1211908B-01A7-A571-C417-C52E0F5111D1}.Release|Any CPU.ActiveCfg = Release|Any CPU
		{1211908B-01A7-A571-C417-C52E0F5111D1}.Release|Any CPU.Build.0 = Release|Any CPU
		{1211908B-01A7-A571-C417-C52E0F5111D1}.Release|x64.ActiveCfg = Release|Any CPU
		{1211908B-01A7-A571-C417-C52E0F5111D1}.Release|x64.Build.0 = Release|Any CPU
		{71F26395-10AA-1AFA-3DE8-DC02C4938743}.Debug|Any CPU.ActiveCfg = Debug|x64
		{71F26395-10AA-1AFA-3DE8-DC02C4938743}.Debug|Any CPU.Build.0 = Debug|x64
		{71F26395-10AA-1AFA-3DE8-DC02C4938743}.Debug|x64.ActiveCfg = Debug|x64
		{71F26395-10AA-1AFA-3DE8-DC02C4938743}.Debug|x64.Build.0 = Debug|x64
		{71F26395-10AA-1AFA-3DE8-DC02C4938743}.Release|Any CPU.ActiveCfg = Release|x64
		{71F26395-10AA-1AFA-3DE8-DC02C4938743}.Release|Any CPU.Build.0 = Release|x64
		{71F26395-10AA-1AFA-3DE8-DC02C4938743}.Release|x64.ActiveCfg = Release|x64
		{71F26395-10AA-1AFA-3DE8-DC02C4938743}.Release|x64.Build.0 = Release|x64
		{5BF38404-79F2-B6DA-D013-C651111732AF}.Debug|Any CPU.ActiveCfg = Debug|Any CPU
		{5BF38404-79F2-B6DA-D013-C651111732AF}.Debug|Any CPU.Build.0 = Debug|Any CPU
		{5BF38404-79F2-B6DA-D013-C651111732AF}.Debug|x64.ActiveCfg = Debug|Any CPU
		{5BF38404-79F2-B6DA-D013-C651111732AF}.Debug|x64.Build.0 = Debug|Any CPU
		{5BF38404-79F2-B6DA-D013-C651111732AF}.Release|Any CPU.ActiveCfg = Release|Any CPU
		{5BF38404-79F2-B6DA-D013-C651111732AF}.Release|Any CPU.Build.0 = Release|Any CPU
		{5BF38404-79F2-B6DA-D013-C651111732AF}.Release|x64.ActiveCfg = Release|Any CPU
		{5BF38404-79F2-B6DA-D013-C651111732AF}.Release|x64.Build.0 = Release|Any CPU
		{60ED6E9F-AD0C-6239-1494-45646741EEFD}.Debug|Any CPU.ActiveCfg = Debug|Any CPU
		{60ED6E9F-AD0C-6239-1494-45646741EEFD}.Debug|Any CPU.Build.0 = Debug|Any CPU
		{60ED6E9F-AD0C-6239-1494-45646741EEFD}.Debug|x64.ActiveCfg = Debug|Any CPU
		{60ED6E9F-AD0C-6239-1494-45646741EEFD}.Debug|x64.Build.0 = Debug|Any CPU
		{60ED6E9F-AD0C-6239-1494-45646741EEFD}.Release|Any CPU.ActiveCfg = Release|Any CPU
		{60ED6E9F-AD0C-6239-1494-45646741EEFD}.Release|Any CPU.Build.0 = Release|Any CPU
		{60ED6E9F-AD0C-6239-1494-45646741EEFD}.Release|x64.ActiveCfg = Release|Any CPU
		{60ED6E9F-AD0C-6239-1494-45646741EEFD}.Release|x64.Build.0 = Release|Any CPU
		{B1777049-4D4C-4CC1-82D9-E4D221979ED8}.Debug|Any CPU.ActiveCfg = Debug|Any CPU
		{B1777049-4D4C-4CC1-82D9-E4D221979ED8}.Debug|Any CPU.Build.0 = Debug|Any CPU
		{B1777049-4D4C-4CC1-82D9-E4D221979ED8}.Debug|x64.ActiveCfg = Debug|Any CPU
		{B1777049-4D4C-4CC1-82D9-E4D221979ED8}.Debug|x64.Build.0 = Debug|Any CPU
		{B1777049-4D4C-4CC1-82D9-E4D221979ED8}.Release|Any CPU.ActiveCfg = Release|Any CPU
		{B1777049-4D4C-4CC1-82D9-E4D221979ED8}.Release|Any CPU.Build.0 = Release|Any CPU
		{B1777049-4D4C-4CC1-82D9-E4D221979ED8}.Release|x64.ActiveCfg = Release|Any CPU
		{B1777049-4D4C-4CC1-82D9-E4D221979ED8}.Release|x64.Build.0 = Release|Any CPU
	EndGlobalSection
	GlobalSection(SolutionProperties) = preSolution
		HideSolutionNode = FALSE
	EndGlobalSection
	GlobalSection(NestedProjects) = preSolution
		{DEBFFD08-66D1-42E5-A2C8-563457B43614} = {02EA681E-C7D8-13C7-8484-4AC65E1B71E8}
		{1211908B-01A7-A571-C417-C52E0F5111D1} = {02EA681E-C7D8-13C7-8484-4AC65E1B71E8}
		{71F26395-10AA-1AFA-3DE8-DC02C4938743} = {02EA681E-C7D8-13C7-8484-4AC65E1B71E8}
		{B1777049-4D4C-4CC1-82D9-E4D221979ED8} = {02EA681E-C7D8-13C7-8484-4AC65E1B71E8}
	EndGlobalSection
	GlobalSection(ExtensibilityGlobals) = postSolution
		SolutionGuid = {3264AD46-2365-4471-9339-5C196445FDFC}
	EndGlobalSection
EndGlobal
