
Microsoft Visual Studio Solution File, Format Version 12.00
# Visual Studio Version 17
VisualStudioVersion = 17.11.35431.28
MinimumVisualStudioVersion = 10.0.40219.1
Project("{FAE04EC0-301F-11D3-BF4B-00C04F79EFBC}") = "SciterLibraryAPI", "SciterLibraryAPI.csproj", "{5A6742B8-D292-4D59-9EDB-FC2188611EED}"
EndProject
Project("{FAE04EC0-301F-11D3-BF4B-00C04F79EFBC}") = "EmptyFlow.SciterAPI", "..\EmptyFlow.SciterAPI\EmptyFlow.SciterAPI.csproj", "{CAA92F2E-3DE0-4167-8D0D-A6BFD4362005}"
EndProject
Project("{FAE04EC0-301F-11D3-BF4B-00C04F79EFBC}") = "EmptyFlow.SciterAPI.Tests", "..\EmptyFlow.SciterAPI.UnitTest\EmptyFlow.SciterAPI.Tests.csproj", "{472298FC-FFBA-4FA0-9A73-FE56EAEF2940}"
EndProject
Global
	GlobalSection(SolutionConfigurationPlatforms) = preSolution
		Debug|Any CPU = Debug|Any CPU
		Debug|x64 = Debug|x64
		Release|Any CPU = Release|Any CPU
		Release|x64 = Release|x64
	EndGlobalSection
	GlobalSection(ProjectConfigurationPlatforms) = postSolution
		{5A6742B8-D292-4D59-9EDB-FC2188611EED}.Debug|Any CPU.ActiveCfg = Debug|x86
		{5A6742B8-D292-4D59-9EDB-FC2188611EED}.Debug|Any CPU.Build.0 = Debug|x86
		{5A6742B8-D292-4D59-9EDB-FC2188611EED}.Debug|x64.ActiveCfg = Debug|x64
		{5A6742B8-D292-4D59-9EDB-FC2188611EED}.Debug|x64.Build.0 = Debug|x64
		{5A6742B8-D292-4D59-9EDB-FC2188611EED}.Release|Any CPU.ActiveCfg = Release|Any CPU
		{5A6742B8-D292-4D59-9EDB-FC2188611EED}.Release|Any CPU.Build.0 = Release|Any CPU
		{5A6742B8-D292-4D59-9EDB-FC2188611EED}.Release|x64.ActiveCfg = Release|x64
		{5A6742B8-D292-4D59-9EDB-FC2188611EED}.Release|x64.Build.0 = Release|x64
		{CAA92F2E-3DE0-4167-8D0D-A6BFD4362005}.Debug|Any CPU.ActiveCfg = Debug|Any CPU
		{CAA92F2E-3DE0-4167-8D0D-A6BFD4362005}.Debug|Any CPU.Build.0 = Debug|Any CPU
		{CAA92F2E-3DE0-4167-8D0D-A6BFD4362005}.Debug|x64.ActiveCfg = Debug|Any CPU
		{CAA92F2E-3DE0-4167-8D0D-A6BFD4362005}.Debug|x64.Build.0 = Debug|Any CPU
		{CAA92F2E-3DE0-4167-8D0D-A6BFD4362005}.Release|Any CPU.ActiveCfg = Release|Any CPU
		{CAA92F2E-3DE0-4167-8D0D-A6BFD4362005}.Release|Any CPU.Build.0 = Release|Any CPU
		{CAA92F2E-3DE0-4167-8D0D-A6BFD4362005}.Release|x64.ActiveCfg = Release|Any CPU
		{CAA92F2E-3DE0-4167-8D0D-A6BFD4362005}.Release|x64.Build.0 = Release|Any CPU
		{472298FC-FFBA-4FA0-9A73-FE56EAEF2940}.Debug|Any CPU.ActiveCfg = Debug|Any CPU
		{472298FC-FFBA-4FA0-9A73-FE56EAEF2940}.Debug|Any CPU.Build.0 = Debug|Any CPU
		{472298FC-FFBA-4FA0-9A73-FE56EAEF2940}.Debug|x64.ActiveCfg = Debug|Any CPU
		{472298FC-FFBA-4FA0-9A73-FE56EAEF2940}.Debug|x64.Build.0 = Debug|Any CPU
		{472298FC-FFBA-4FA0-9A73-FE56EAEF2940}.Release|Any CPU.ActiveCfg = Release|Any CPU
		{472298FC-FFBA-4FA0-9A73-FE56EAEF2940}.Release|Any CPU.Build.0 = Release|Any CPU
		{472298FC-FFBA-4FA0-9A73-FE56EAEF2940}.Release|x64.ActiveCfg = Release|Any CPU
		{472298FC-FFBA-4FA0-9A73-FE56EAEF2940}.Release|x64.Build.0 = Release|Any CPU
	EndGlobalSection
	GlobalSection(SolutionProperties) = preSolution
		HideSolutionNode = FALSE
	EndGlobalSection
	GlobalSection(ExtensibilityGlobals) = postSolution
		SolutionGuid = {3264AD46-2365-4471-9339-5C196445FDFC}
	EndGlobalSection
EndGlobal
